
Microsoft Visual Studio Solution File, Format Version 12.00
Project("{FAE04EC0-301F-11D3-BF4B-00C04F79EFBC}") = "Learn-CSharp", "Learn-CSharp\Learn-CSharp.csproj", "{CA38079A-B3E0-4547-8093-FEDA111749EE}"
EndProject
Global
	GlobalSection(SolutionConfigurationPlatforms) = preSolution
		Debug|Any CPU = Debug|Any CPU
		Release|Any CPU = Release|Any CPU
	EndGlobalSection
	GlobalSection(ProjectConfigurationPlatforms) = postSolution
		{CA38079A-B3E0-4547-8093-FEDA111749EE}.Debug|Any CPU.ActiveCfg = Debug|Any CPU
		{CA38079A-B3E0-4547-8093-FEDA111749EE}.Debug|Any CPU.Build.0 = Debug|Any CPU
		{CA38079A-B3E0-4547-8093-FEDA111749EE}.Release|Any CPU.ActiveCfg = Release|Any CPU
		{CA38079A-B3E0-4547-8093-FEDA111749EE}.Release|Any CPU.Build.0 = Release|Any CPU
	EndGlobalSection
EndGlobal
